<?xml version="1.0" encoding="UTF-8"?>
<!DOCTYPE plist PUBLIC "-//Apple//DTD PLIST 1.0//EN" "http://www.apple.com/DTDs/PropertyList-1.0.dtd">
<plist version="1.0">
<dict>
	<key>archiveVersion</key>
	<string>1</string>
	<key>classes</key>
	<dict/>
	<key>objectVersion</key>
	<string>46</string>
	<key>objects</key>
	<dict>
		<key>0A4197AC1A8D2FC900218FF5</key>
		<dict>
			<key>fileEncoding</key>
			<string>4</string>
			<key>isa</key>
			<string>PBXFileReference</string>
			<key>lastKnownFileType</key>
			<string>sourcecode.c.h</string>
			<key>path</key>
			<string>User.h</string>
			<key>sourceTree</key>
			<string>&lt;group&gt;</string>
		</dict>
		<key>0A4197AD1A8D2FC900218FF5</key>
		<dict>
			<key>fileEncoding</key>
			<string>4</string>
			<key>isa</key>
			<string>PBXFileReference</string>
			<key>lastKnownFileType</key>
			<string>sourcecode.c.objc</string>
			<key>path</key>
			<string>User.m</string>
			<key>sourceTree</key>
			<string>&lt;group&gt;</string>
		</dict>
		<key>0A4197AE1A8D2FC900218FF5</key>
		<dict>
			<key>fileRef</key>
			<string>0A4197AD1A8D2FC900218FF5</string>
			<key>isa</key>
			<string>PBXBuildFile</string>
		</dict>
		<key>0A4197AF1A8D307A00218FF5</key>
		<dict>
			<key>fileEncoding</key>
			<string>4</string>
			<key>isa</key>
			<string>PBXFileReference</string>
			<key>lastKnownFileType</key>
			<string>sourcecode.c.h</string>
			<key>path</key>
			<string>Media.h</string>
			<key>sourceTree</key>
			<string>&lt;group&gt;</string>
		</dict>
		<key>0A4197B01A8D307A00218FF5</key>
		<dict>
			<key>fileEncoding</key>
			<string>4</string>
			<key>isa</key>
			<string>PBXFileReference</string>
			<key>lastKnownFileType</key>
			<string>sourcecode.c.objc</string>
			<key>path</key>
			<string>Media.m</string>
			<key>sourceTree</key>
			<string>&lt;group&gt;</string>
		</dict>
		<key>0A4197B11A8D307A00218FF5</key>
		<dict>
			<key>fileRef</key>
			<string>0A4197B01A8D307A00218FF5</string>
			<key>isa</key>
			<string>PBXBuildFile</string>
		</dict>
		<key>0A4197B21A8D315B00218FF5</key>
		<dict>
			<key>fileEncoding</key>
			<string>4</string>
			<key>isa</key>
			<string>PBXFileReference</string>
			<key>lastKnownFileType</key>
			<string>sourcecode.c.h</string>
			<key>path</key>
			<string>Comment.h</string>
			<key>sourceTree</key>
			<string>&lt;group&gt;</string>
		</dict>
		<key>0A4197B31A8D315B00218FF5</key>
		<dict>
			<key>fileEncoding</key>
			<string>4</string>
			<key>isa</key>
			<string>PBXFileReference</string>
			<key>lastKnownFileType</key>
			<string>sourcecode.c.objc</string>
			<key>path</key>
			<string>Comment.m</string>
			<key>sourceTree</key>
			<string>&lt;group&gt;</string>
		</dict>
		<key>0A4197B41A8D315B00218FF5</key>
		<dict>
			<key>fileRef</key>
			<string>0A4197B31A8D315B00218FF5</string>
			<key>isa</key>
			<string>PBXBuildFile</string>
		</dict>
		<key>0A4197B51A8D321D00218FF5</key>
		<dict>
			<key>fileEncoding</key>
			<string>4</string>
			<key>isa</key>
			<string>PBXFileReference</string>
			<key>lastKnownFileType</key>
			<string>sourcecode.c.h</string>
			<key>path</key>
			<string>DataSource.h</string>
			<key>sourceTree</key>
			<string>&lt;group&gt;</string>
		</dict>
		<key>0A4197B61A8D321D00218FF5</key>
		<dict>
			<key>fileEncoding</key>
			<string>4</string>
			<key>isa</key>
			<string>PBXFileReference</string>
			<key>lastKnownFileType</key>
			<string>sourcecode.c.objc</string>
			<key>path</key>
			<string>DataSource.m</string>
			<key>sourceTree</key>
			<string>&lt;group&gt;</string>
		</dict>
		<key>0A4197B71A8D321D00218FF5</key>
		<dict>
			<key>fileRef</key>
			<string>0A4197B61A8D321D00218FF5</string>
			<key>isa</key>
			<string>PBXBuildFile</string>
		</dict>
		<key>0A4802DE1AA2909A00F0CC5D</key>
		<dict>
			<key>fileEncoding</key>
			<string>4</string>
			<key>isa</key>
			<string>PBXFileReference</string>
			<key>lastKnownFileType</key>
			<string>sourcecode.c.h</string>
			<key>path</key>
			<string>MediaFullScreenAnimator.h</string>
			<key>sourceTree</key>
			<string>&lt;group&gt;</string>
		</dict>
		<key>0A4802DF1AA2909A00F0CC5D</key>
		<dict>
			<key>fileEncoding</key>
			<string>4</string>
			<key>isa</key>
			<string>PBXFileReference</string>
			<key>lastKnownFileType</key>
			<string>sourcecode.c.objc</string>
			<key>path</key>
			<string>MediaFullScreenAnimator.m</string>
			<key>sourceTree</key>
			<string>&lt;group&gt;</string>
		</dict>
		<key>0A4802E01AA2909A00F0CC5D</key>
		<dict>
			<key>fileRef</key>
			<string>0A4802DF1AA2909A00F0CC5D</string>
			<key>isa</key>
			<string>PBXBuildFile</string>
		</dict>
		<key>0A77DF531A96A99000767F6B</key>
		<dict>
			<key>fileEncoding</key>
			<string>4</string>
			<key>isa</key>
			<string>PBXFileReference</string>
			<key>lastKnownFileType</key>
			<string>sourcecode.c.h</string>
			<key>path</key>
			<string>LoginViewController.h</string>
			<key>sourceTree</key>
			<string>&lt;group&gt;</string>
		</dict>
		<key>0A77DF541A96A99000767F6B</key>
		<dict>
			<key>fileEncoding</key>
			<string>4</string>
			<key>isa</key>
			<string>PBXFileReference</string>
			<key>lastKnownFileType</key>
			<string>sourcecode.c.objc</string>
			<key>path</key>
			<string>LoginViewController.m</string>
			<key>sourceTree</key>
			<string>&lt;group&gt;</string>
		</dict>
		<key>0A77DF551A96A99000767F6B</key>
		<dict>
			<key>fileRef</key>
			<string>0A77DF541A96A99000767F6B</string>
			<key>isa</key>
			<string>PBXBuildFile</string>
		</dict>
		<key>0AA45E2B1A8BFDE6001FA5DD</key>
		<dict>
			<key>children</key>
			<array>
				<string>0A4802DE1AA2909A00F0CC5D</string>
				<string>0A4802DF1AA2909A00F0CC5D</string>
				<string>0AE7ADD71AA284E300E981E9</string>
				<string>0AE7ADD81AA284E300E981E9</string>
				<string>0A77DF531A96A99000767F6B</string>
				<string>0A77DF541A96A99000767F6B</string>
				<string>0AE1AFDB1A901A7200F3AFE8</string>
				<string>0AE1AFDC1A901A7200F3AFE8</string>
				<string>0A4197B51A8D321D00218FF5</string>
				<string>0A4197B61A8D321D00218FF5</string>
				<string>0A4197B21A8D315B00218FF5</string>
				<string>0A4197B31A8D315B00218FF5</string>
				<string>0A4197AF1A8D307A00218FF5</string>
				<string>0A4197B01A8D307A00218FF5</string>
				<string>0A4197AC1A8D2FC900218FF5</string>
				<string>0A4197AD1A8D2FC900218FF5</string>
				<string>0AA45E361A8BFDE6001FA5DD</string>
				<string>0AA45E501A8BFDE6001FA5DD</string>
				<string>0AA45E351A8BFDE6001FA5DD</string>
				<string>50A015EE57C105C6833C0004</string>
				<string>14ED7C63DA2FE556D036CE09</string>
			</array>
			<key>isa</key>
			<string>PBXGroup</string>
			<key>sourceTree</key>
			<string>&lt;group&gt;</string>
		</dict>
		<key>0AA45E2C1A8BFDE6001FA5DD</key>
		<dict>
			<key>attributes</key>
			<dict>
				<key>CLASSPREFIX</key>
				<string></string>
				<key>LastUpgradeCheck</key>
				<string>0610</string>
				<key>ORGANIZATIONNAME</key>
				<string>Bloc</string>
				<key>TargetAttributes</key>
				<dict>
					<key>0AA45E331A8BFDE6001FA5DD</key>
					<dict>
						<key>CreatedOnToolsVersion</key>
						<string>6.1.1</string>
					</dict>
					<key>0AA45E4C1A8BFDE6001FA5DD</key>
					<dict>
						<key>CreatedOnToolsVersion</key>
						<string>6.1.1</string>
						<key>TestTargetID</key>
						<string>0AA45E331A8BFDE6001FA5DD</string>
					</dict>
				</dict>
			</dict>
			<key>buildConfigurationList</key>
			<string>0AA45E2F1A8BFDE6001FA5DD</string>
			<key>compatibilityVersion</key>
			<string>Xcode 3.2</string>
			<key>developmentRegion</key>
			<string>English</string>
			<key>hasScannedForEncodings</key>
			<string>0</string>
			<key>isa</key>
			<string>PBXProject</string>
			<key>knownRegions</key>
			<array>
				<string>en</string>
				<string>Base</string>
			</array>
			<key>mainGroup</key>
			<string>0AA45E2B1A8BFDE6001FA5DD</string>
			<key>productRefGroup</key>
			<string>0AA45E351A8BFDE6001FA5DD</string>
			<key>projectDirPath</key>
			<string></string>
			<key>projectReferences</key>
			<array/>
			<key>projectRoot</key>
			<string></string>
			<key>targets</key>
			<array>
				<string>0AA45E331A8BFDE6001FA5DD</string>
				<string>0AA45E4C1A8BFDE6001FA5DD</string>
			</array>
		</dict>
		<key>0AA45E2F1A8BFDE6001FA5DD</key>
		<dict>
			<key>buildConfigurations</key>
			<array>
				<string>0AA45E551A8BFDE6001FA5DD</string>
				<string>0AA45E561A8BFDE6001FA5DD</string>
			</array>
			<key>defaultConfigurationIsVisible</key>
			<string>0</string>
			<key>defaultConfigurationName</key>
			<string>Release</string>
			<key>isa</key>
			<string>XCConfigurationList</string>
		</dict>
		<key>0AA45E301A8BFDE6001FA5DD</key>
		<dict>
			<key>buildActionMask</key>
			<string>2147483647</string>
			<key>files</key>
			<array>
				<string>0A4197B41A8D315B00218FF5</string>
				<string>0A4197B11A8D307A00218FF5</string>
				<string>0AE1AFDD1A901A7200F3AFE8</string>
				<string>0A4197B71A8D321D00218FF5</string>
				<string>0A77DF551A96A99000767F6B</string>
				<string>0A4197AE1A8D2FC900218FF5</string>
				<string>0AA45E401A8BFDE6001FA5DD</string>
				<string>0AE7ADD91AA284E300E981E9</string>
				<string>0AA45E3D1A8BFDE6001FA5DD</string>
				<string>0AA45E3A1A8BFDE6001FA5DD</string>
				<string>0A4802E01AA2909A00F0CC5D</string>
				<string>0AA45E741A8BFF27001FA5DD</string>
			</array>
			<key>isa</key>
			<string>PBXSourcesBuildPhase</string>
			<key>runOnlyForDeploymentPostprocessing</key>
			<string>0</string>
		</dict>
		<key>0AA45E311A8BFDE6001FA5DD</key>
		<dict>
			<key>buildActionMask</key>
			<string>2147483647</string>
			<key>files</key>
			<array>
				<string>2A844467906BE3FF21ED5954</string>
			</array>
			<key>isa</key>
			<string>PBXFrameworksBuildPhase</string>
			<key>runOnlyForDeploymentPostprocessing</key>
			<string>0</string>
		</dict>
		<key>0AA45E321A8BFDE6001FA5DD</key>
		<dict>
			<key>buildActionMask</key>
			<string>2147483647</string>
			<key>files</key>
			<array>
				<string>0AE7ADEA1AA28D3F00E981E9</string>
				<string>0AE7ADE61AA28D3F00E981E9</string>
				<string>0AA45E451A8BFDE6001FA5DD</string>
				<string>0AE7ADEE1AA28D3F00E981E9</string>
				<string>0AE7ADED1AA28D3F00E981E9</string>
				<string>0AE7ADEC1AA28D3F00E981E9</string>
				<string>0AE7ADEB1AA28D3F00E981E9</string>
				<string>0AE7ADDC1AA28D2D00E981E9</string>
				<string>0AE7ADE91AA28D3F00E981E9</string>
				<string>0AE7ADE81AA28D3F00E981E9</string>
				<string>0AE7ADE71AA28D3F00E981E9</string>
			</array>
			<key>isa</key>
			<string>PBXResourcesBuildPhase</string>
			<key>runOnlyForDeploymentPostprocessing</key>
			<string>0</string>
		</dict>
		<key>0AA45E331A8BFDE6001FA5DD</key>
		<dict>
			<key>buildConfigurationList</key>
			<string>0AA45E571A8BFDE6001FA5DD</string>
			<key>buildPhases</key>
			<array>
				<string>42C1CB4240B4F178758C72F1</string>
				<string>0AA45E301A8BFDE6001FA5DD</string>
				<string>0AA45E311A8BFDE6001FA5DD</string>
				<string>0AA45E321A8BFDE6001FA5DD</string>
				<string>C2712ED33CE28CD7937313E5</string>
			</array>
			<key>buildRules</key>
			<array/>
			<key>dependencies</key>
			<array/>
			<key>isa</key>
			<string>PBXNativeTarget</string>
			<key>name</key>
			<string>Blocstagram</string>
			<key>productName</key>
			<string>Blocstagram</string>
			<key>productReference</key>
			<string>0AA45E341A8BFDE6001FA5DD</string>
			<key>productType</key>
			<string>com.apple.product-type.application</string>
		</dict>
		<key>0AA45E341A8BFDE6001FA5DD</key>
		<dict>
			<key>explicitFileType</key>
			<string>wrapper.application</string>
			<key>includeInIndex</key>
			<string>0</string>
			<key>isa</key>
			<string>PBXFileReference</string>
			<key>path</key>
			<string>Blocstagram.app</string>
			<key>sourceTree</key>
			<string>BUILT_PRODUCTS_DIR</string>
		</dict>
		<key>0AA45E351A8BFDE6001FA5DD</key>
		<dict>
			<key>children</key>
			<array>
				<string>0AA45E341A8BFDE6001FA5DD</string>
				<string>0AA45E4D1A8BFDE6001FA5DD</string>
			</array>
			<key>isa</key>
			<string>PBXGroup</string>
			<key>name</key>
			<string>Products</string>
			<key>sourceTree</key>
			<string>&lt;group&gt;</string>
		</dict>
		<key>0AA45E361A8BFDE6001FA5DD</key>
		<dict>
			<key>children</key>
			<array>
				<string>0AA45E3B1A8BFDE6001FA5DD</string>
				<string>0AA45E3C1A8BFDE6001FA5DD</string>
				<string>0AA45E3E1A8BFDE6001FA5DD</string>
				<string>0AA45E3F1A8BFDE6001FA5DD</string>
				<string>0AE7ADDA1AA28CF500E981E9</string>
				<string>0AA45E441A8BFDE6001FA5DD</string>
				<string>0AA45E371A8BFDE6001FA5DD</string>
				<string>0AA45E721A8BFF27001FA5DD</string>
				<string>0AA45E731A8BFF27001FA5DD</string>
			</array>
			<key>isa</key>
			<string>PBXGroup</string>
			<key>path</key>
			<string>Blocstagram</string>
			<key>sourceTree</key>
			<string>&lt;group&gt;</string>
		</dict>
		<key>0AA45E371A8BFDE6001FA5DD</key>
		<dict>
			<key>children</key>
			<array>
				<string>0AA45E381A8BFDE6001FA5DD</string>
				<string>0AA45E391A8BFDE6001FA5DD</string>
			</array>
			<key>isa</key>
			<string>PBXGroup</string>
			<key>name</key>
			<string>Supporting Files</string>
			<key>sourceTree</key>
			<string>&lt;group&gt;</string>
		</dict>
		<key>0AA45E381A8BFDE6001FA5DD</key>
		<dict>
			<key>isa</key>
			<string>PBXFileReference</string>
			<key>lastKnownFileType</key>
			<string>text.plist.xml</string>
			<key>path</key>
			<string>Info.plist</string>
			<key>sourceTree</key>
			<string>&lt;group&gt;</string>
		</dict>
		<key>0AA45E391A8BFDE6001FA5DD</key>
		<dict>
			<key>isa</key>
			<string>PBXFileReference</string>
			<key>lastKnownFileType</key>
			<string>sourcecode.c.objc</string>
			<key>path</key>
			<string>main.m</string>
			<key>sourceTree</key>
			<string>&lt;group&gt;</string>
		</dict>
		<key>0AA45E3A1A8BFDE6001FA5DD</key>
		<dict>
			<key>fileRef</key>
			<string>0AA45E391A8BFDE6001FA5DD</string>
			<key>isa</key>
			<string>PBXBuildFile</string>
		</dict>
		<key>0AA45E3B1A8BFDE6001FA5DD</key>
		<dict>
			<key>isa</key>
			<string>PBXFileReference</string>
			<key>lastKnownFileType</key>
			<string>sourcecode.c.h</string>
			<key>path</key>
			<string>AppDelegate.h</string>
			<key>sourceTree</key>
			<string>&lt;group&gt;</string>
		</dict>
		<key>0AA45E3C1A8BFDE6001FA5DD</key>
		<dict>
			<key>isa</key>
			<string>PBXFileReference</string>
			<key>lastKnownFileType</key>
			<string>sourcecode.c.objc</string>
			<key>path</key>
			<string>AppDelegate.m</string>
			<key>sourceTree</key>
			<string>&lt;group&gt;</string>
		</dict>
		<key>0AA45E3D1A8BFDE6001FA5DD</key>
		<dict>
			<key>fileRef</key>
			<string>0AA45E3C1A8BFDE6001FA5DD</string>
			<key>isa</key>
			<string>PBXBuildFile</string>
		</dict>
		<key>0AA45E3E1A8BFDE6001FA5DD</key>
		<dict>
			<key>isa</key>
			<string>PBXFileReference</string>
			<key>lastKnownFileType</key>
			<string>sourcecode.c.h</string>
			<key>path</key>
			<string>ViewController.h</string>
			<key>sourceTree</key>
			<string>&lt;group&gt;</string>
		</dict>
		<key>0AA45E3F1A8BFDE6001FA5DD</key>
		<dict>
			<key>isa</key>
			<string>PBXFileReference</string>
			<key>lastKnownFileType</key>
			<string>sourcecode.c.objc</string>
			<key>path</key>
			<string>ViewController.m</string>
			<key>sourceTree</key>
			<string>&lt;group&gt;</string>
		</dict>
		<key>0AA45E401A8BFDE6001FA5DD</key>
		<dict>
			<key>fileRef</key>
			<string>0AA45E3F1A8BFDE6001FA5DD</string>
			<key>isa</key>
			<string>PBXBuildFile</string>
		</dict>
		<key>0AA45E441A8BFDE6001FA5DD</key>
		<dict>
			<key>isa</key>
			<string>PBXFileReference</string>
			<key>lastKnownFileType</key>
			<string>folder.assetcatalog</string>
			<key>path</key>
			<string>Images.xcassets</string>
			<key>sourceTree</key>
			<string>&lt;group&gt;</string>
		</dict>
		<key>0AA45E451A8BFDE6001FA5DD</key>
		<dict>
			<key>fileRef</key>
			<string>0AA45E441A8BFDE6001FA5DD</string>
			<key>isa</key>
			<string>PBXBuildFile</string>
		</dict>
		<key>0AA45E491A8BFDE6001FA5DD</key>
		<dict>
			<key>buildActionMask</key>
			<string>2147483647</string>
			<key>files</key>
			<array>
				<string>0AA45E541A8BFDE6001FA5DD</string>
			</array>
			<key>isa</key>
			<string>PBXSourcesBuildPhase</string>
			<key>runOnlyForDeploymentPostprocessing</key>
			<string>0</string>
		</dict>
		<key>0AA45E4A1A8BFDE6001FA5DD</key>
		<dict>
			<key>buildActionMask</key>
			<string>2147483647</string>
			<key>files</key>
			<array/>
			<key>isa</key>
			<string>PBXFrameworksBuildPhase</string>
			<key>runOnlyForDeploymentPostprocessing</key>
			<string>0</string>
		</dict>
		<key>0AA45E4B1A8BFDE6001FA5DD</key>
		<dict>
			<key>buildActionMask</key>
			<string>2147483647</string>
			<key>files</key>
			<array/>
			<key>isa</key>
			<string>PBXResourcesBuildPhase</string>
			<key>runOnlyForDeploymentPostprocessing</key>
			<string>0</string>
		</dict>
		<key>0AA45E4C1A8BFDE6001FA5DD</key>
		<dict>
			<key>buildConfigurationList</key>
			<string>0AA45E5A1A8BFDE6001FA5DD</string>
			<key>buildPhases</key>
			<array>
				<string>0AA45E491A8BFDE6001FA5DD</string>
				<string>0AA45E4A1A8BFDE6001FA5DD</string>
				<string>0AA45E4B1A8BFDE6001FA5DD</string>
			</array>
			<key>buildRules</key>
			<array/>
			<key>dependencies</key>
			<array>
				<string>0AA45E4F1A8BFDE6001FA5DD</string>
			</array>
			<key>isa</key>
			<string>PBXNativeTarget</string>
			<key>name</key>
			<string>BlocstagramTests</string>
			<key>productName</key>
			<string>BlocstagramTests</string>
			<key>productReference</key>
			<string>0AA45E4D1A8BFDE6001FA5DD</string>
			<key>productType</key>
			<string>com.apple.product-type.bundle.unit-test</string>
		</dict>
		<key>0AA45E4D1A8BFDE6001FA5DD</key>
		<dict>
			<key>explicitFileType</key>
			<string>wrapper.cfbundle</string>
			<key>includeInIndex</key>
			<string>0</string>
			<key>isa</key>
			<string>PBXFileReference</string>
			<key>path</key>
			<string>BlocstagramTests.xctest</string>
			<key>sourceTree</key>
			<string>BUILT_PRODUCTS_DIR</string>
		</dict>
		<key>0AA45E4E1A8BFDE6001FA5DD</key>
		<dict>
			<key>containerPortal</key>
			<string>0AA45E2C1A8BFDE6001FA5DD</string>
			<key>isa</key>
			<string>PBXContainerItemProxy</string>
			<key>proxyType</key>
			<string>1</string>
			<key>remoteGlobalIDString</key>
			<string>0AA45E331A8BFDE6001FA5DD</string>
			<key>remoteInfo</key>
			<string>Blocstagram</string>
		</dict>
		<key>0AA45E4F1A8BFDE6001FA5DD</key>
		<dict>
			<key>isa</key>
			<string>PBXTargetDependency</string>
			<key>target</key>
			<string>0AA45E331A8BFDE6001FA5DD</string>
			<key>targetProxy</key>
			<string>0AA45E4E1A8BFDE6001FA5DD</string>
		</dict>
		<key>0AA45E501A8BFDE6001FA5DD</key>
		<dict>
			<key>children</key>
			<array>
				<string>0AA45E531A8BFDE6001FA5DD</string>
				<string>0AA45E511A8BFDE6001FA5DD</string>
			</array>
			<key>isa</key>
			<string>PBXGroup</string>
			<key>path</key>
			<string>BlocstagramTests</string>
			<key>sourceTree</key>
			<string>&lt;group&gt;</string>
		</dict>
		<key>0AA45E511A8BFDE6001FA5DD</key>
		<dict>
			<key>children</key>
			<array>
				<string>0AA45E521A8BFDE6001FA5DD</string>
			</array>
			<key>isa</key>
			<string>PBXGroup</string>
			<key>name</key>
			<string>Supporting Files</string>
			<key>sourceTree</key>
			<string>&lt;group&gt;</string>
		</dict>
		<key>0AA45E521A8BFDE6001FA5DD</key>
		<dict>
			<key>isa</key>
			<string>PBXFileReference</string>
			<key>lastKnownFileType</key>
			<string>text.plist.xml</string>
			<key>path</key>
			<string>Info.plist</string>
			<key>sourceTree</key>
			<string>&lt;group&gt;</string>
		</dict>
		<key>0AA45E531A8BFDE6001FA5DD</key>
		<dict>
			<key>isa</key>
			<string>PBXFileReference</string>
			<key>lastKnownFileType</key>
			<string>sourcecode.c.objc</string>
			<key>path</key>
			<string>BlocstagramTests.m</string>
			<key>sourceTree</key>
			<string>&lt;group&gt;</string>
		</dict>
		<key>0AA45E541A8BFDE6001FA5DD</key>
		<dict>
			<key>fileRef</key>
			<string>0AA45E531A8BFDE6001FA5DD</string>
			<key>isa</key>
			<string>PBXBuildFile</string>
		</dict>
		<key>0AA45E551A8BFDE6001FA5DD</key>
		<dict>
			<key>buildSettings</key>
			<dict>
				<key>ALWAYS_SEARCH_USER_PATHS</key>
				<string>NO</string>
				<key>CLANG_CXX_LANGUAGE_STANDARD</key>
				<string>gnu++0x</string>
				<key>CLANG_CXX_LIBRARY</key>
				<string>libc++</string>
				<key>CLANG_ENABLE_MODULES</key>
				<string>YES</string>
				<key>CLANG_ENABLE_OBJC_ARC</key>
				<string>YES</string>
				<key>CLANG_WARN_BOOL_CONVERSION</key>
				<string>YES</string>
				<key>CLANG_WARN_CONSTANT_CONVERSION</key>
				<string>YES</string>
				<key>CLANG_WARN_DIRECT_OBJC_ISA_USAGE</key>
				<string>YES_ERROR</string>
				<key>CLANG_WARN_EMPTY_BODY</key>
				<string>YES</string>
				<key>CLANG_WARN_ENUM_CONVERSION</key>
				<string>YES</string>
				<key>CLANG_WARN_INT_CONVERSION</key>
				<string>YES</string>
				<key>CLANG_WARN_OBJC_ROOT_CLASS</key>
				<string>YES_ERROR</string>
				<key>CLANG_WARN_UNREACHABLE_CODE</key>
				<string>YES</string>
				<key>CLANG_WARN__DUPLICATE_METHOD_MATCH</key>
				<string>YES</string>
				<key>CODE_SIGN_IDENTITY[sdk=iphoneos*]</key>
				<string>iPhone Developer</string>
				<key>COPY_PHASE_STRIP</key>
				<string>NO</string>
				<key>ENABLE_STRICT_OBJC_MSGSEND</key>
				<string>YES</string>
				<key>GCC_C_LANGUAGE_STANDARD</key>
				<string>gnu99</string>
				<key>GCC_DYNAMIC_NO_PIC</key>
				<string>NO</string>
				<key>GCC_OPTIMIZATION_LEVEL</key>
				<string>0</string>
				<key>GCC_PREPROCESSOR_DEFINITIONS</key>
				<array>
					<string>DEBUG=1</string>
					<string>$(inherited)</string>
				</array>
				<key>GCC_SYMBOLS_PRIVATE_EXTERN</key>
				<string>NO</string>
				<key>GCC_WARN_64_TO_32_BIT_CONVERSION</key>
				<string>YES</string>
				<key>GCC_WARN_ABOUT_RETURN_TYPE</key>
				<string>YES_ERROR</string>
				<key>GCC_WARN_UNDECLARED_SELECTOR</key>
				<string>YES</string>
				<key>GCC_WARN_UNINITIALIZED_AUTOS</key>
				<string>YES_AGGRESSIVE</string>
				<key>GCC_WARN_UNUSED_FUNCTION</key>
				<string>YES</string>
				<key>GCC_WARN_UNUSED_VARIABLE</key>
				<string>YES</string>
				<key>IPHONEOS_DEPLOYMENT_TARGET</key>
				<string>8.1</string>
				<key>MTL_ENABLE_DEBUG_INFO</key>
				<string>YES</string>
				<key>ONLY_ACTIVE_ARCH</key>
				<string>YES</string>
				<key>SDKROOT</key>
				<string>iphoneos</string>
				<key>TARGETED_DEVICE_FAMILY</key>
				<string>1,2</string>
			</dict>
			<key>isa</key>
			<string>XCBuildConfiguration</string>
			<key>name</key>
			<string>Debug</string>
		</dict>
		<key>0AA45E561A8BFDE6001FA5DD</key>
		<dict>
			<key>buildSettings</key>
			<dict>
				<key>ALWAYS_SEARCH_USER_PATHS</key>
				<string>NO</string>
				<key>CLANG_CXX_LANGUAGE_STANDARD</key>
				<string>gnu++0x</string>
				<key>CLANG_CXX_LIBRARY</key>
				<string>libc++</string>
				<key>CLANG_ENABLE_MODULES</key>
				<string>YES</string>
				<key>CLANG_ENABLE_OBJC_ARC</key>
				<string>YES</string>
				<key>CLANG_WARN_BOOL_CONVERSION</key>
				<string>YES</string>
				<key>CLANG_WARN_CONSTANT_CONVERSION</key>
				<string>YES</string>
				<key>CLANG_WARN_DIRECT_OBJC_ISA_USAGE</key>
				<string>YES_ERROR</string>
				<key>CLANG_WARN_EMPTY_BODY</key>
				<string>YES</string>
				<key>CLANG_WARN_ENUM_CONVERSION</key>
				<string>YES</string>
				<key>CLANG_WARN_INT_CONVERSION</key>
				<string>YES</string>
				<key>CLANG_WARN_OBJC_ROOT_CLASS</key>
				<string>YES_ERROR</string>
				<key>CLANG_WARN_UNREACHABLE_CODE</key>
				<string>YES</string>
				<key>CLANG_WARN__DUPLICATE_METHOD_MATCH</key>
				<string>YES</string>
				<key>CODE_SIGN_IDENTITY[sdk=iphoneos*]</key>
				<string>iPhone Developer</string>
				<key>COPY_PHASE_STRIP</key>
				<string>YES</string>
				<key>ENABLE_NS_ASSERTIONS</key>
				<string>NO</string>
				<key>ENABLE_STRICT_OBJC_MSGSEND</key>
				<string>YES</string>
				<key>GCC_C_LANGUAGE_STANDARD</key>
				<string>gnu99</string>
				<key>GCC_WARN_64_TO_32_BIT_CONVERSION</key>
				<string>YES</string>
				<key>GCC_WARN_ABOUT_RETURN_TYPE</key>
				<string>YES_ERROR</string>
				<key>GCC_WARN_UNDECLARED_SELECTOR</key>
				<string>YES</string>
				<key>GCC_WARN_UNINITIALIZED_AUTOS</key>
				<string>YES_AGGRESSIVE</string>
				<key>GCC_WARN_UNUSED_FUNCTION</key>
				<string>YES</string>
				<key>GCC_WARN_UNUSED_VARIABLE</key>
				<string>YES</string>
				<key>IPHONEOS_DEPLOYMENT_TARGET</key>
				<string>8.1</string>
				<key>MTL_ENABLE_DEBUG_INFO</key>
				<string>NO</string>
				<key>SDKROOT</key>
				<string>iphoneos</string>
				<key>TARGETED_DEVICE_FAMILY</key>
				<string>1,2</string>
				<key>VALIDATE_PRODUCT</key>
				<string>YES</string>
			</dict>
			<key>isa</key>
			<string>XCBuildConfiguration</string>
			<key>name</key>
			<string>Release</string>
		</dict>
		<key>0AA45E571A8BFDE6001FA5DD</key>
		<dict>
			<key>buildConfigurations</key>
			<array>
				<string>0AA45E581A8BFDE6001FA5DD</string>
				<string>0AA45E591A8BFDE6001FA5DD</string>
			</array>
			<key>defaultConfigurationIsVisible</key>
			<string>0</string>
			<key>defaultConfigurationName</key>
			<string>Release</string>
			<key>isa</key>
			<string>XCConfigurationList</string>
		</dict>
		<key>0AA45E581A8BFDE6001FA5DD</key>
		<dict>
			<key>baseConfigurationReference</key>
			<string>C985B7E4A158F387E9FD0954</string>
			<key>buildSettings</key>
			<dict>
				<key>ASSETCATALOG_COMPILER_APPICON_NAME</key>
				<string>AppIcon</string>
				<key>INFOPLIST_FILE</key>
				<string>Blocstagram/Info.plist</string>
				<key>LD_RUNPATH_SEARCH_PATHS</key>
				<string>$(inherited) @executable_path/Frameworks</string>
				<key>PRODUCT_NAME</key>
				<string>$(TARGET_NAME)</string>
			</dict>
			<key>isa</key>
			<string>XCBuildConfiguration</string>
			<key>name</key>
			<string>Debug</string>
		</dict>
		<key>0AA45E591A8BFDE6001FA5DD</key>
		<dict>
			<key>baseConfigurationReference</key>
			<string>A29CD4DC26BE29512EB23F5A</string>
			<key>buildSettings</key>
			<dict>
				<key>ASSETCATALOG_COMPILER_APPICON_NAME</key>
				<string>AppIcon</string>
				<key>INFOPLIST_FILE</key>
				<string>Blocstagram/Info.plist</string>
				<key>LD_RUNPATH_SEARCH_PATHS</key>
				<string>$(inherited) @executable_path/Frameworks</string>
				<key>PRODUCT_NAME</key>
				<string>$(TARGET_NAME)</string>
			</dict>
			<key>isa</key>
			<string>XCBuildConfiguration</string>
			<key>name</key>
			<string>Release</string>
		</dict>
		<key>0AA45E5A1A8BFDE6001FA5DD</key>
		<dict>
			<key>buildConfigurations</key>
			<array>
				<string>0AA45E5B1A8BFDE6001FA5DD</string>
				<string>0AA45E5C1A8BFDE6001FA5DD</string>
			</array>
			<key>defaultConfigurationIsVisible</key>
			<string>0</string>
			<key>defaultConfigurationName</key>
			<string>Release</string>
			<key>isa</key>
			<string>XCConfigurationList</string>
		</dict>
		<key>0AA45E5B1A8BFDE6001FA5DD</key>
		<dict>
			<key>buildSettings</key>
			<dict>
				<key>BUNDLE_LOADER</key>
				<string>$(TEST_HOST)</string>
				<key>FRAMEWORK_SEARCH_PATHS</key>
				<array>
					<string>$(SDKROOT)/Developer/Library/Frameworks</string>
					<string>$(inherited)</string>
				</array>
				<key>GCC_PREPROCESSOR_DEFINITIONS</key>
				<array>
					<string>DEBUG=1</string>
					<string>$(inherited)</string>
				</array>
				<key>INFOPLIST_FILE</key>
				<string>BlocstagramTests/Info.plist</string>
				<key>LD_RUNPATH_SEARCH_PATHS</key>
				<string>$(inherited) @executable_path/Frameworks @loader_path/Frameworks</string>
				<key>PRODUCT_NAME</key>
				<string>$(TARGET_NAME)</string>
				<key>TEST_HOST</key>
				<string>$(BUILT_PRODUCTS_DIR)/Blocstagram.app/Blocstagram</string>
			</dict>
			<key>isa</key>
			<string>XCBuildConfiguration</string>
			<key>name</key>
			<string>Debug</string>
		</dict>
		<key>0AA45E5C1A8BFDE6001FA5DD</key>
		<dict>
			<key>buildSettings</key>
			<dict>
				<key>BUNDLE_LOADER</key>
				<string>$(TEST_HOST)</string>
				<key>FRAMEWORK_SEARCH_PATHS</key>
				<array>
					<string>$(SDKROOT)/Developer/Library/Frameworks</string>
					<string>$(inherited)</string>
				</array>
				<key>INFOPLIST_FILE</key>
				<string>BlocstagramTests/Info.plist</string>
				<key>LD_RUNPATH_SEARCH_PATHS</key>
				<string>$(inherited) @executable_path/Frameworks @loader_path/Frameworks</string>
				<key>PRODUCT_NAME</key>
				<string>$(TARGET_NAME)</string>
				<key>TEST_HOST</key>
				<string>$(BUILT_PRODUCTS_DIR)/Blocstagram.app/Blocstagram</string>
			</dict>
			<key>isa</key>
			<string>XCBuildConfiguration</string>
			<key>name</key>
			<string>Release</string>
		</dict>
		<key>0AA45E721A8BFF27001FA5DD</key>
		<dict>
			<key>fileEncoding</key>
			<string>4</string>
			<key>isa</key>
			<string>PBXFileReference</string>
			<key>lastKnownFileType</key>
			<string>sourcecode.c.h</string>
			<key>path</key>
			<string>ImagesTableViewController.h</string>
			<key>sourceTree</key>
			<string>&lt;group&gt;</string>
		</dict>
		<key>0AA45E731A8BFF27001FA5DD</key>
		<dict>
			<key>fileEncoding</key>
			<string>4</string>
			<key>isa</key>
			<string>PBXFileReference</string>
			<key>lastKnownFileType</key>
			<string>sourcecode.c.objc</string>
			<key>path</key>
			<string>ImagesTableViewController.m</string>
			<key>sourceTree</key>
			<string>&lt;group&gt;</string>
		</dict>
		<key>0AA45E741A8BFF27001FA5DD</key>
		<dict>
			<key>fileRef</key>
			<string>0AA45E731A8BFF27001FA5DD</string>
			<key>isa</key>
			<string>PBXBuildFile</string>
		</dict>
		<key>0AE1AFDB1A901A7200F3AFE8</key>
		<dict>
			<key>fileEncoding</key>
			<string>4</string>
			<key>isa</key>
			<string>PBXFileReference</string>
			<key>lastKnownFileType</key>
			<string>sourcecode.c.h</string>
			<key>path</key>
			<string>MediaTableViewCell.h</string>
			<key>sourceTree</key>
			<string>&lt;group&gt;</string>
		</dict>
		<key>0AE1AFDC1A901A7200F3AFE8</key>
		<dict>
			<key>fileEncoding</key>
			<string>4</string>
			<key>isa</key>
			<string>PBXFileReference</string>
			<key>lastKnownFileType</key>
			<string>sourcecode.c.objc</string>
			<key>path</key>
			<string>MediaTableViewCell.m</string>
			<key>sourceTree</key>
			<string>&lt;group&gt;</string>
		</dict>
		<key>0AE1AFDD1A901A7200F3AFE8</key>
		<dict>
			<key>fileRef</key>
			<string>0AE1AFDC1A901A7200F3AFE8</string>
			<key>isa</key>
			<string>PBXBuildFile</string>
		</dict>
		<key>0AE7ADD71AA284E300E981E9</key>
		<dict>
			<key>fileEncoding</key>
			<string>4</string>
			<key>isa</key>
			<string>PBXFileReference</string>
			<key>lastKnownFileType</key>
			<string>sourcecode.c.h</string>
			<key>path</key>
			<string>MediaFullScreenViewController.h</string>
			<key>sourceTree</key>
			<string>&lt;group&gt;</string>
		</dict>
		<key>0AE7ADD81AA284E300E981E9</key>
		<dict>
			<key>fileEncoding</key>
			<string>4</string>
			<key>isa</key>
			<string>PBXFileReference</string>
			<key>lastKnownFileType</key>
			<string>sourcecode.c.objc</string>
			<key>path</key>
			<string>MediaFullScreenViewController.m</string>
			<key>sourceTree</key>
			<string>&lt;group&gt;</string>
		</dict>
		<key>0AE7ADD91AA284E300E981E9</key>
		<dict>
			<key>fileRef</key>
			<string>0AE7ADD81AA284E300E981E9</string>
			<key>isa</key>
			<string>PBXBuildFile</string>
		</dict>
		<key>0AE7ADDA1AA28CF500E981E9</key>
		<dict>
			<key>children</key>
			<array>
				<string>0AE7ADDD1AA28D3F00E981E9</string>
				<string>0AE7ADDE1AA28D3F00E981E9</string>
				<string>0AE7ADDF1AA28D3F00E981E9</string>
				<string>0AE7ADE01AA28D3F00E981E9</string>
				<string>0AE7ADE11AA28D3F00E981E9</string>
				<string>0AE7ADE21AA28D3F00E981E9</string>
				<string>0AE7ADE31AA28D3F00E981E9</string>
				<string>0AE7ADE41AA28D3F00E981E9</string>
				<string>0AE7ADE51AA28D3F00E981E9</string>
				<string>0AE7ADDB1AA28D2D00E981E9</string>
			</array>
			<key>isa</key>
			<string>PBXGroup</string>
			<key>name</key>
			<string>Images</string>
			<key>path</key>
			<string>..</string>
			<key>sourceTree</key>
			<string>&lt;group&gt;</string>
		</dict>
		<key>0AE7ADDB1AA28D2D00E981E9</key>
		<dict>
			<key>isa</key>
			<string>PBXFileReference</string>
			<key>lastKnownFileType</key>
			<string>image.jpeg</string>
			<key>name</key>
			<string>1.jpg</string>
			<key>path</key>
			<string>Blocstagram/1.jpg</string>
			<key>sourceTree</key>
			<string>&lt;group&gt;</string>
		</dict>
		<key>0AE7ADDC1AA28D2D00E981E9</key>
		<dict>
			<key>fileRef</key>
			<string>0AE7ADDB1AA28D2D00E981E9</string>
			<key>isa</key>
			<string>PBXBuildFile</string>
		</dict>
		<key>0AE7ADDD1AA28D3F00E981E9</key>
		<dict>
			<key>isa</key>
			<string>PBXFileReference</string>
			<key>lastKnownFileType</key>
			<string>image.jpeg</string>
			<key>path</key>
			<string>2.jpg</string>
			<key>sourceTree</key>
			<string>&lt;group&gt;</string>
		</dict>
		<key>0AE7ADDE1AA28D3F00E981E9</key>
		<dict>
			<key>isa</key>
			<string>PBXFileReference</string>
			<key>lastKnownFileType</key>
			<string>image.jpeg</string>
			<key>path</key>
			<string>3.jpg</string>
			<key>sourceTree</key>
			<string>&lt;group&gt;</string>
		</dict>
		<key>0AE7ADDF1AA28D3F00E981E9</key>
		<dict>
			<key>isa</key>
			<string>PBXFileReference</string>
			<key>lastKnownFileType</key>
			<string>image.jpeg</string>
			<key>path</key>
			<string>4.jpg</string>
			<key>sourceTree</key>
			<string>&lt;group&gt;</string>
		</dict>
		<key>0AE7ADE01AA28D3F00E981E9</key>
		<dict>
			<key>isa</key>
			<string>PBXFileReference</string>
			<key>lastKnownFileType</key>
			<string>image.jpeg</string>
			<key>path</key>
			<string>5.jpg</string>
			<key>sourceTree</key>
			<string>&lt;group&gt;</string>
		</dict>
		<key>0AE7ADE11AA28D3F00E981E9</key>
		<dict>
			<key>isa</key>
			<string>PBXFileReference</string>
			<key>lastKnownFileType</key>
			<string>image.jpeg</string>
			<key>path</key>
			<string>6.jpg</string>
			<key>sourceTree</key>
			<string>&lt;group&gt;</string>
		</dict>
		<key>0AE7ADE21AA28D3F00E981E9</key>
		<dict>
			<key>isa</key>
			<string>PBXFileReference</string>
			<key>lastKnownFileType</key>
			<string>image.jpeg</string>
			<key>path</key>
			<string>7.jpg</string>
			<key>sourceTree</key>
			<string>&lt;group&gt;</string>
		</dict>
		<key>0AE7ADE31AA28D3F00E981E9</key>
		<dict>
			<key>isa</key>
			<string>PBXFileReference</string>
			<key>lastKnownFileType</key>
			<string>image.jpeg</string>
			<key>path</key>
			<string>8.jpg</string>
			<key>sourceTree</key>
			<string>&lt;group&gt;</string>
		</dict>
		<key>0AE7ADE41AA28D3F00E981E9</key>
		<dict>
			<key>isa</key>
			<string>PBXFileReference</string>
			<key>lastKnownFileType</key>
			<string>image.jpeg</string>
			<key>path</key>
			<string>9.jpg</string>
			<key>sourceTree</key>
			<string>&lt;group&gt;</string>
		</dict>
		<key>0AE7ADE51AA28D3F00E981E9</key>
		<dict>
			<key>isa</key>
			<string>PBXFileReference</string>
			<key>lastKnownFileType</key>
			<string>image.jpeg</string>
			<key>path</key>
			<string>10.jpg</string>
			<key>sourceTree</key>
			<string>&lt;group&gt;</string>
		</dict>
		<key>0AE7ADE61AA28D3F00E981E9</key>
		<dict>
			<key>fileRef</key>
			<string>0AE7ADDD1AA28D3F00E981E9</string>
			<key>isa</key>
			<string>PBXBuildFile</string>
		</dict>
		<key>0AE7ADE71AA28D3F00E981E9</key>
		<dict>
			<key>fileRef</key>
			<string>0AE7ADDE1AA28D3F00E981E9</string>
			<key>isa</key>
			<string>PBXBuildFile</string>
		</dict>
		<key>0AE7ADE81AA28D3F00E981E9</key>
		<dict>
			<key>fileRef</key>
			<string>0AE7ADDF1AA28D3F00E981E9</string>
			<key>isa</key>
			<string>PBXBuildFile</string>
		</dict>
		<key>0AE7ADE91AA28D3F00E981E9</key>
		<dict>
			<key>fileRef</key>
			<string>0AE7ADE01AA28D3F00E981E9</string>
			<key>isa</key>
			<string>PBXBuildFile</string>
		</dict>
		<key>0AE7ADEA1AA28D3F00E981E9</key>
		<dict>
			<key>fileRef</key>
			<string>0AE7ADE11AA28D3F00E981E9</string>
			<key>isa</key>
			<string>PBXBuildFile</string>
		</dict>
		<key>0AE7ADEB1AA28D3F00E981E9</key>
		<dict>
			<key>fileRef</key>
			<string>0AE7ADE21AA28D3F00E981E9</string>
			<key>isa</key>
			<string>PBXBuildFile</string>
		</dict>
		<key>0AE7ADEC1AA28D3F00E981E9</key>
		<dict>
			<key>fileRef</key>
			<string>0AE7ADE31AA28D3F00E981E9</string>
			<key>isa</key>
			<string>PBXBuildFile</string>
		</dict>
		<key>0AE7ADED1AA28D3F00E981E9</key>
		<dict>
			<key>fileRef</key>
			<string>0AE7ADE41AA28D3F00E981E9</string>
			<key>isa</key>
			<string>PBXBuildFile</string>
		</dict>
		<key>0AE7ADEE1AA28D3F00E981E9</key>
		<dict>
			<key>fileRef</key>
			<string>0AE7ADE51AA28D3F00E981E9</string>
			<key>isa</key>
			<string>PBXBuildFile</string>
		</dict>
		<key>14ED7C63DA2FE556D036CE09</key>
		<dict>
			<key>children</key>
			<array>
				<string>1ED434379759C45FF96A5E66</string>
			</array>
			<key>isa</key>
			<string>PBXGroup</string>
			<key>name</key>
			<string>Frameworks</string>
			<key>sourceTree</key>
			<string>&lt;group&gt;</string>
		</dict>
		<key>1ED434379759C45FF96A5E66</key>
		<dict>
			<key>explicitFileType</key>
			<string>archive.ar</string>
			<key>includeInIndex</key>
			<string>0</string>
			<key>isa</key>
			<string>PBXFileReference</string>
			<key>path</key>
			<string>libPods.a</string>
			<key>sourceTree</key>
			<string>BUILT_PRODUCTS_DIR</string>
		</dict>
		<key>2A844467906BE3FF21ED5954</key>
		<dict>
			<key>fileRef</key>
			<string>1ED434379759C45FF96A5E66</string>
			<key>isa</key>
			<string>PBXBuildFile</string>
		</dict>
		<key>42C1CB4240B4F178758C72F1</key>
		<dict>
			<key>buildActionMask</key>
			<string>2147483647</string>
			<key>files</key>
			<array/>
			<key>inputPaths</key>
			<array/>
			<key>isa</key>
			<string>PBXShellScriptBuildPhase</string>
			<key>name</key>
			<string>Check Pods Manifest.lock</string>
			<key>outputPaths</key>
			<array/>
			<key>runOnlyForDeploymentPostprocessing</key>
			<string>0</string>
			<key>shellPath</key>
			<string>/bin/sh</string>
			<key>shellScript</key>
			<string>diff "${PODS_ROOT}/../Podfile.lock" "${PODS_ROOT}/Manifest.lock" &gt; /dev/null
if [[ $? != 0 ]] ; then
    cat &lt;&lt; EOM
error: The sandbox is not in sync with the Podfile.lock. Run 'pod install' or update your CocoaPods installation.
EOM
    exit 1
fi
</string>
			<key>showEnvVarsInLog</key>
			<string>0</string>
		</dict>
		<key>50A015EE57C105C6833C0004</key>
		<dict>
			<key>children</key>
			<array>
				<string>C985B7E4A158F387E9FD0954</string>
				<string>A29CD4DC26BE29512EB23F5A</string>
			</array>
			<key>isa</key>
			<string>PBXGroup</string>
			<key>name</key>
			<string>Pods</string>
			<key>sourceTree</key>
			<string>&lt;group&gt;</string>
		</dict>
		<key>A29CD4DC26BE29512EB23F5A</key>
		<dict>
			<key>includeInIndex</key>
			<string>1</string>
			<key>isa</key>
			<string>PBXFileReference</string>
			<key>lastKnownFileType</key>
			<string>text.xcconfig</string>
			<key>name</key>
			<string>Pods.release.xcconfig</string>
			<key>path</key>
			<string>Pods/Target Support Files/Pods/Pods.release.xcconfig</string>
			<key>sourceTree</key>
			<string>&lt;group&gt;</string>
		</dict>
		<key>C2712ED33CE28CD7937313E5</key>
		<dict>
			<key>buildActionMask</key>
			<string>2147483647</string>
			<key>files</key>
			<array/>
			<key>inputPaths</key>
			<array/>
			<key>isa</key>
			<string>PBXShellScriptBuildPhase</string>
			<key>name</key>
			<string>Copy Pods Resources</string>
			<key>outputPaths</key>
			<array/>
			<key>runOnlyForDeploymentPostprocessing</key>
			<string>0</string>
			<key>shellPath</key>
			<string>/bin/sh</string>
			<key>shellScript</key>
			<string>"${SRCROOT}/Pods/Target Support Files/Pods/Pods-resources.sh"
</string>
			<key>showEnvVarsInLog</key>
			<string>0</string>
		</dict>
		<key>C985B7E4A158F387E9FD0954</key>
		<dict>
			<key>includeInIndex</key>
			<string>1</string>
			<key>isa</key>
			<string>PBXFileReference</string>
			<key>lastKnownFileType</key>
			<string>text.xcconfig</string>
			<key>name</key>
			<string>Pods.debug.xcconfig</string>
			<key>path</key>
			<string>Pods/Target Support Files/Pods/Pods.debug.xcconfig</string>
			<key>sourceTree</key>
			<string>&lt;group&gt;</string>
		</dict>
	</dict>
	<key>rootObject</key>
	<string>0AA45E2C1A8BFDE6001FA5DD</string>
</dict>
</plist>
