// !$*UTF8*$!
{
	archiveVersion = 1;
	classes = {
	};
	objectVersion = 46;
	objects = {

/* Begin PBXBuildFile section */
		0A4197AE1A8D2FC900218FF5 /* User.m in Sources */ = {isa = PBXBuildFile; fileRef = 0A4197AD1A8D2FC900218FF5 /* User.m */; };
		0A4197B11A8D307A00218FF5 /* Media.m in Sources */ = {isa = PBXBuildFile; fileRef = 0A4197B01A8D307A00218FF5 /* Media.m */; };
		0A4197B41A8D315B00218FF5 /* Comment.m in Sources */ = {isa = PBXBuildFile; fileRef = 0A4197B31A8D315B00218FF5 /* Comment.m */; };
		0A4197B71A8D321D00218FF5 /* DataSource.m in Sources */ = {isa = PBXBuildFile; fileRef = 0A4197B61A8D321D00218FF5 /* DataSource.m */; };
		0A77DF551A96A99000767F6B /* LoginViewController.m in Sources */ = {isa = PBXBuildFile; fileRef = 0A77DF541A96A99000767F6B /* LoginViewController.m */; };
		0AA45E3A1A8BFDE6001FA5DD /* main.m in Sources */ = {isa = PBXBuildFile; fileRef = 0AA45E391A8BFDE6001FA5DD /* main.m */; };
		0AA45E3D1A8BFDE6001FA5DD /* AppDelegate.m in Sources */ = {isa = PBXBuildFile; fileRef = 0AA45E3C1A8BFDE6001FA5DD /* AppDelegate.m */; };
		0AA45E401A8BFDE6001FA5DD /* ViewController.m in Sources */ = {isa = PBXBuildFile; fileRef = 0AA45E3F1A8BFDE6001FA5DD /* ViewController.m */; };
		0AA45E451A8BFDE6001FA5DD /* Images.xcassets in Resources */ = {isa = PBXBuildFile; fileRef = 0AA45E441A8BFDE6001FA5DD /* Images.xcassets */; };
		0AA45E541A8BFDE6001FA5DD /* BlocstagramTests.m in Sources */ = {isa = PBXBuildFile; fileRef = 0AA45E531A8BFDE6001FA5DD /* BlocstagramTests.m */; };
		0AA45E681A8BFEAC001FA5DD /* 1.jpg in Resources */ = {isa = PBXBuildFile; fileRef = 0AA45E5E1A8BFEAC001FA5DD /* 1.jpg */; };
		0AA45E691A8BFEAC001FA5DD /* 2.jpg in Resources */ = {isa = PBXBuildFile; fileRef = 0AA45E5F1A8BFEAC001FA5DD /* 2.jpg */; };
		0AA45E6A1A8BFEAC001FA5DD /* 3.jpg in Resources */ = {isa = PBXBuildFile; fileRef = 0AA45E601A8BFEAC001FA5DD /* 3.jpg */; };
		0AA45E6B1A8BFEAC001FA5DD /* 4.jpg in Resources */ = {isa = PBXBuildFile; fileRef = 0AA45E611A8BFEAC001FA5DD /* 4.jpg */; };
		0AA45E6C1A8BFEAC001FA5DD /* 5.jpg in Resources */ = {isa = PBXBuildFile; fileRef = 0AA45E621A8BFEAC001FA5DD /* 5.jpg */; };
		0AA45E6D1A8BFEAC001FA5DD /* 6.jpg in Resources */ = {isa = PBXBuildFile; fileRef = 0AA45E631A8BFEAC001FA5DD /* 6.jpg */; };
		0AA45E6E1A8BFEAC001FA5DD /* 7.jpg in Resources */ = {isa = PBXBuildFile; fileRef = 0AA45E641A8BFEAC001FA5DD /* 7.jpg */; };
		0AA45E6F1A8BFEAC001FA5DD /* 8.jpg in Resources */ = {isa = PBXBuildFile; fileRef = 0AA45E651A8BFEAC001FA5DD /* 8.jpg */; };
		0AA45E701A8BFEAC001FA5DD /* 9.jpg in Resources */ = {isa = PBXBuildFile; fileRef = 0AA45E661A8BFEAC001FA5DD /* 9.jpg */; };
		0AA45E711A8BFEAC001FA5DD /* 10.jpg in Resources */ = {isa = PBXBuildFile; fileRef = 0AA45E671A8BFEAC001FA5DD /* 10.jpg */; };
		0AA45E741A8BFF27001FA5DD /* ImagesTableViewController.m in Sources */ = {isa = PBXBuildFile; fileRef = 0AA45E731A8BFF27001FA5DD /* ImagesTableViewController.m */; };
		0AE1AFDD1A901A7200F3AFE8 /* MediaTableViewCell.m in Sources */ = {isa = PBXBuildFile; fileRef = 0AE1AFDC1A901A7200F3AFE8 /* MediaTableViewCell.m */; };
/* End PBXBuildFile section */

/* Begin PBXContainerItemProxy section */
		0AA45E4E1A8BFDE6001FA5DD /* PBXContainerItemProxy */ = {
			isa = PBXContainerItemProxy;
			containerPortal = 0AA45E2C1A8BFDE6001FA5DD /* Project object */;
			proxyType = 1;
			remoteGlobalIDString = 0AA45E331A8BFDE6001FA5DD;
			remoteInfo = Blocstagram;
		};
/* End PBXContainerItemProxy section */

/* Begin PBXFileReference section */
		0A4197AC1A8D2FC900218FF5 /* User.h */ = {isa = PBXFileReference; fileEncoding = 4; lastKnownFileType = sourcecode.c.h; path = User.h; sourceTree = "<group>"; };
		0A4197AD1A8D2FC900218FF5 /* User.m */ = {isa = PBXFileReference; fileEncoding = 4; lastKnownFileType = sourcecode.c.objc; path = User.m; sourceTree = "<group>"; };
		0A4197AF1A8D307A00218FF5 /* Media.h */ = {isa = PBXFileReference; fileEncoding = 4; lastKnownFileType = sourcecode.c.h; path = Media.h; sourceTree = "<group>"; };
		0A4197B01A8D307A00218FF5 /* Media.m */ = {isa = PBXFileReference; fileEncoding = 4; lastKnownFileType = sourcecode.c.objc; path = Media.m; sourceTree = "<group>"; };
		0A4197B21A8D315B00218FF5 /* Comment.h */ = {isa = PBXFileReference; fileEncoding = 4; lastKnownFileType = sourcecode.c.h; path = Comment.h; sourceTree = "<group>"; };
		0A4197B31A8D315B00218FF5 /* Comment.m */ = {isa = PBXFileReference; fileEncoding = 4; lastKnownFileType = sourcecode.c.objc; path = Comment.m; sourceTree = "<group>"; };
		0A4197B51A8D321D00218FF5 /* DataSource.h */ = {isa = PBXFileReference; fileEncoding = 4; lastKnownFileType = sourcecode.c.h; path = DataSource.h; sourceTree = "<group>"; };
		0A4197B61A8D321D00218FF5 /* DataSource.m */ = {isa = PBXFileReference; fileEncoding = 4; lastKnownFileType = sourcecode.c.objc; path = DataSource.m; sourceTree = "<group>"; };
		0A77DF531A96A99000767F6B /* LoginViewController.h */ = {isa = PBXFileReference; fileEncoding = 4; lastKnownFileType = sourcecode.c.h; path = LoginViewController.h; sourceTree = "<group>"; };
		0A77DF541A96A99000767F6B /* LoginViewController.m */ = {isa = PBXFileReference; fileEncoding = 4; lastKnownFileType = sourcecode.c.objc; path = LoginViewController.m; sourceTree = "<group>"; };
		0AA45E341A8BFDE6001FA5DD /* Blocstagram.app */ = {isa = PBXFileReference; explicitFileType = wrapper.application; includeInIndex = 0; path = Blocstagram.app; sourceTree = BUILT_PRODUCTS_DIR; };
		0AA45E381A8BFDE6001FA5DD /* Info.plist */ = {isa = PBXFileReference; lastKnownFileType = text.plist.xml; path = Info.plist; sourceTree = "<group>"; };
		0AA45E391A8BFDE6001FA5DD /* main.m */ = {isa = PBXFileReference; lastKnownFileType = sourcecode.c.objc; path = main.m; sourceTree = "<group>"; };
		0AA45E3B1A8BFDE6001FA5DD /* AppDelegate.h */ = {isa = PBXFileReference; lastKnownFileType = sourcecode.c.h; path = AppDelegate.h; sourceTree = "<group>"; };
		0AA45E3C1A8BFDE6001FA5DD /* AppDelegate.m */ = {isa = PBXFileReference; lastKnownFileType = sourcecode.c.objc; path = AppDelegate.m; sourceTree = "<group>"; };
		0AA45E3E1A8BFDE6001FA5DD /* ViewController.h */ = {isa = PBXFileReference; lastKnownFileType = sourcecode.c.h; path = ViewController.h; sourceTree = "<group>"; };
		0AA45E3F1A8BFDE6001FA5DD /* ViewController.m */ = {isa = PBXFileReference; lastKnownFileType = sourcecode.c.objc; path = ViewController.m; sourceTree = "<group>"; };
		0AA45E441A8BFDE6001FA5DD /* Images.xcassets */ = {isa = PBXFileReference; lastKnownFileType = folder.assetcatalog; path = Images.xcassets; sourceTree = "<group>"; };
		0AA45E4D1A8BFDE6001FA5DD /* BlocstagramTests.xctest */ = {isa = PBXFileReference; explicitFileType = wrapper.cfbundle; includeInIndex = 0; path = BlocstagramTests.xctest; sourceTree = BUILT_PRODUCTS_DIR; };
		0AA45E521A8BFDE6001FA5DD /* Info.plist */ = {isa = PBXFileReference; lastKnownFileType = text.plist.xml; path = Info.plist; sourceTree = "<group>"; };
		0AA45E531A8BFDE6001FA5DD /* BlocstagramTests.m */ = {isa = PBXFileReference; lastKnownFileType = sourcecode.c.objc; path = BlocstagramTests.m; sourceTree = "<group>"; };
		0AA45E5E1A8BFEAC001FA5DD /* 1.jpg */ = {isa = PBXFileReference; lastKnownFileType = image.jpeg; path = 1.jpg; sourceTree = "<group>"; };
		0AA45E5F1A8BFEAC001FA5DD /* 2.jpg */ = {isa = PBXFileReference; lastKnownFileType = image.jpeg; path = 2.jpg; sourceTree = "<group>"; };
		0AA45E601A8BFEAC001FA5DD /* 3.jpg */ = {isa = PBXFileReference; lastKnownFileType = image.jpeg; path = 3.jpg; sourceTree = "<group>"; };
		0AA45E611A8BFEAC001FA5DD /* 4.jpg */ = {isa = PBXFileReference; lastKnownFileType = image.jpeg; path = 4.jpg; sourceTree = "<group>"; };
		0AA45E621A8BFEAC001FA5DD /* 5.jpg */ = {isa = PBXFileReference; lastKnownFileType = image.jpeg; path = 5.jpg; sourceTree = "<group>"; };
		0AA45E631A8BFEAC001FA5DD /* 6.jpg */ = {isa = PBXFileReference; lastKnownFileType = image.jpeg; path = 6.jpg; sourceTree = "<group>"; };
		0AA45E641A8BFEAC001FA5DD /* 7.jpg */ = {isa = PBXFileReference; lastKnownFileType = image.jpeg; path = 7.jpg; sourceTree = "<group>"; };
		0AA45E651A8BFEAC001FA5DD /* 8.jpg */ = {isa = PBXFileReference; lastKnownFileType = image.jpeg; path = 8.jpg; sourceTree = "<group>"; };
		0AA45E661A8BFEAC001FA5DD /* 9.jpg */ = {isa = PBXFileReference; lastKnownFileType = image.jpeg; path = 9.jpg; sourceTree = "<group>"; };
		0AA45E671A8BFEAC001FA5DD /* 10.jpg */ = {isa = PBXFileReference; lastKnownFileType = image.jpeg; path = 10.jpg; sourceTree = "<group>"; };
		0AA45E721A8BFF27001FA5DD /* ImagesTableViewController.h */ = {isa = PBXFileReference; fileEncoding = 4; lastKnownFileType = sourcecode.c.h; path = ImagesTableViewController.h; sourceTree = "<group>"; };
		0AA45E731A8BFF27001FA5DD /* ImagesTableViewController.m */ = {isa = PBXFileReference; fileEncoding = 4; lastKnownFileType = sourcecode.c.objc; path = ImagesTableViewController.m; sourceTree = "<group>"; };
		0AE1AFDB1A901A7200F3AFE8 /* MediaTableViewCell.h */ = {isa = PBXFileReference; fileEncoding = 4; lastKnownFileType = sourcecode.c.h; path = MediaTableViewCell.h; sourceTree = "<group>"; };
		0AE1AFDC1A901A7200F3AFE8 /* MediaTableViewCell.m */ = {isa = PBXFileReference; fileEncoding = 4; lastKnownFileType = sourcecode.c.objc; path = MediaTableViewCell.m; sourceTree = "<group>"; };
/* End PBXFileReference section */

/* Begin PBXFrameworksBuildPhase section */
		0AA45E311A8BFDE6001FA5DD /* Frameworks */ = {
			isa = PBXFrameworksBuildPhase;
			buildActionMask = 2147483647;
			files = (
			);
			runOnlyForDeploymentPostprocessing = 0;
		};
		0AA45E4A1A8BFDE6001FA5DD /* Frameworks */ = {
			isa = PBXFrameworksBuildPhase;
			buildActionMask = 2147483647;
			files = (
			);
			runOnlyForDeploymentPostprocessing = 0;
		};
/* End PBXFrameworksBuildPhase section */

/* Begin PBXGroup section */
		0AA45E2B1A8BFDE6001FA5DD = {
			isa = PBXGroup;
			children = (
				0A77DF531A96A99000767F6B /* LoginViewController.h */,
				0A77DF541A96A99000767F6B /* LoginViewController.m */,
				0AE1AFDB1A901A7200F3AFE8 /* MediaTableViewCell.h */,
				0AE1AFDC1A901A7200F3AFE8 /* MediaTableViewCell.m */,
				0A4197B51A8D321D00218FF5 /* DataSource.h */,
				0A4197B61A8D321D00218FF5 /* DataSource.m */,
				0A4197B21A8D315B00218FF5 /* Comment.h */,
				0A4197B31A8D315B00218FF5 /* Comment.m */,
				0A4197AF1A8D307A00218FF5 /* Media.h */,
				0A4197B01A8D307A00218FF5 /* Media.m */,
				0A4197AC1A8D2FC900218FF5 /* User.h */,
				0A4197AD1A8D2FC900218FF5 /* User.m */,
				0AA45E5D1A8BFE6E001FA5DD /* Images */,
				0AA45E361A8BFDE6001FA5DD /* Blocstagram */,
				0AA45E501A8BFDE6001FA5DD /* BlocstagramTests */,
				0AA45E351A8BFDE6001FA5DD /* Products */,
			);
			sourceTree = "<group>";
		};
		0AA45E351A8BFDE6001FA5DD /* Products */ = {
			isa = PBXGroup;
			children = (
				0AA45E341A8BFDE6001FA5DD /* Blocstagram.app */,
				0AA45E4D1A8BFDE6001FA5DD /* BlocstagramTests.xctest */,
			);
			name = Products;
			sourceTree = "<group>";
		};
		0AA45E361A8BFDE6001FA5DD /* Blocstagram */ = {
			isa = PBXGroup;
			children = (
				0AA45E3B1A8BFDE6001FA5DD /* AppDelegate.h */,
				0AA45E3C1A8BFDE6001FA5DD /* AppDelegate.m */,
				0AA45E3E1A8BFDE6001FA5DD /* ViewController.h */,
				0AA45E3F1A8BFDE6001FA5DD /* ViewController.m */,
				0AA45E441A8BFDE6001FA5DD /* Images.xcassets */,
				0AA45E371A8BFDE6001FA5DD /* Supporting Files */,
				0AA45E721A8BFF27001FA5DD /* ImagesTableViewController.h */,
				0AA45E731A8BFF27001FA5DD /* ImagesTableViewController.m */,
			);
			path = Blocstagram;
			sourceTree = "<group>";
		};
		0AA45E371A8BFDE6001FA5DD /* Supporting Files */ = {
			isa = PBXGroup;
			children = (
				0AA45E381A8BFDE6001FA5DD /* Info.plist */,
				0AA45E391A8BFDE6001FA5DD /* main.m */,
			);
			name = "Supporting Files";
			sourceTree = "<group>";
		};
		0AA45E501A8BFDE6001FA5DD /* BlocstagramTests */ = {
			isa = PBXGroup;
			children = (
				0AA45E531A8BFDE6001FA5DD /* BlocstagramTests.m */,
				0AA45E511A8BFDE6001FA5DD /* Supporting Files */,
			);
			path = BlocstagramTests;
			sourceTree = "<group>";
		};
		0AA45E511A8BFDE6001FA5DD /* Supporting Files */ = {
			isa = PBXGroup;
			children = (
				0AA45E521A8BFDE6001FA5DD /* Info.plist */,
			);
			name = "Supporting Files";
			sourceTree = "<group>";
		};
		0AA45E5D1A8BFE6E001FA5DD /* Images */ = {
			isa = PBXGroup;
			children = (
				0AA45E5E1A8BFEAC001FA5DD /* 1.jpg */,
				0AA45E5F1A8BFEAC001FA5DD /* 2.jpg */,
				0AA45E601A8BFEAC001FA5DD /* 3.jpg */,
				0AA45E611A8BFEAC001FA5DD /* 4.jpg */,
				0AA45E621A8BFEAC001FA5DD /* 5.jpg */,
				0AA45E631A8BFEAC001FA5DD /* 6.jpg */,
				0AA45E641A8BFEAC001FA5DD /* 7.jpg */,
				0AA45E651A8BFEAC001FA5DD /* 8.jpg */,
				0AA45E661A8BFEAC001FA5DD /* 9.jpg */,
				0AA45E671A8BFEAC001FA5DD /* 10.jpg */,
			);
			name = Images;
			sourceTree = "<group>";
		};
/* End PBXGroup section */

/* Begin PBXNativeTarget section */
		0AA45E331A8BFDE6001FA5DD /* Blocstagram */ = {
			isa = PBXNativeTarget;
			buildConfigurationList = 0AA45E571A8BFDE6001FA5DD /* Build configuration list for PBXNativeTarget "Blocstagram" */;
			buildPhases = (
				0AA45E301A8BFDE6001FA5DD /* Sources */,
				0AA45E311A8BFDE6001FA5DD /* Frameworks */,
				0AA45E321A8BFDE6001FA5DD /* Resources */,
			);
			buildRules = (
			);
			dependencies = (
			);
			name = Blocstagram;
			productName = Blocstagram;
			productReference = 0AA45E341A8BFDE6001FA5DD /* Blocstagram.app */;
			productType = "com.apple.product-type.application";
		};
		0AA45E4C1A8BFDE6001FA5DD /* BlocstagramTests */ = {
			isa = PBXNativeTarget;
			buildConfigurationList = 0AA45E5A1A8BFDE6001FA5DD /* Build configuration list for PBXNativeTarget "BlocstagramTests" */;
			buildPhases = (
				0AA45E491A8BFDE6001FA5DD /* Sources */,
				0AA45E4A1A8BFDE6001FA5DD /* Frameworks */,
				0AA45E4B1A8BFDE6001FA5DD /* Resources */,
			);
			buildRules = (
			);
			dependencies = (
				0AA45E4F1A8BFDE6001FA5DD /* PBXTargetDependency */,
			);
			name = BlocstagramTests;
			productName = BlocstagramTests;
			productReference = 0AA45E4D1A8BFDE6001FA5DD /* BlocstagramTests.xctest */;
			productType = "com.apple.product-type.bundle.unit-test";
		};
/* End PBXNativeTarget section */

/* Begin PBXProject section */
		0AA45E2C1A8BFDE6001FA5DD /* Project object */ = {
			isa = PBXProject;
			attributes = {
				CLASSPREFIX = "";
				LastUpgradeCheck = 0610;
				ORGANIZATIONNAME = Bloc;
				TargetAttributes = {
					0AA45E331A8BFDE6001FA5DD = {
						CreatedOnToolsVersion = 6.1.1;
					};
					0AA45E4C1A8BFDE6001FA5DD = {
						CreatedOnToolsVersion = 6.1.1;
						TestTargetID = 0AA45E331A8BFDE6001FA5DD;
					};
				};
			};
			buildConfigurationList = 0AA45E2F1A8BFDE6001FA5DD /* Build configuration list for PBXProject "Blocstagram" */;
			compatibilityVersion = "Xcode 3.2";
			developmentRegion = English;
			hasScannedForEncodings = 0;
			knownRegions = (
				en,
				Base,
			);
			mainGroup = 0AA45E2B1A8BFDE6001FA5DD;
			productRefGroup = 0AA45E351A8BFDE6001FA5DD /* Products */;
			projectDirPath = "";
			projectRoot = "";
			targets = (
				0AA45E331A8BFDE6001FA5DD /* Blocstagram */,
				0AA45E4C1A8BFDE6001FA5DD /* BlocstagramTests */,
			);
		};
/* End PBXProject section */

/* Begin PBXResourcesBuildPhase section */
		0AA45E321A8BFDE6001FA5DD /* Resources */ = {
			isa = PBXResourcesBuildPhase;
			buildActionMask = 2147483647;
			files = (
				0AA45E711A8BFEAC001FA5DD /* 10.jpg in Resources */,
				0AA45E6F1A8BFEAC001FA5DD /* 8.jpg in Resources */,
				0AA45E6D1A8BFEAC001FA5DD /* 6.jpg in Resources */,
				0AA45E6C1A8BFEAC001FA5DD /* 5.jpg in Resources */,
				0AA45E6B1A8BFEAC001FA5DD /* 4.jpg in Resources */,
				0AA45E681A8BFEAC001FA5DD /* 1.jpg in Resources */,
				0AA45E691A8BFEAC001FA5DD /* 2.jpg in Resources */,
				0AA45E6A1A8BFEAC001FA5DD /* 3.jpg in Resources */,
				0AA45E6E1A8BFEAC001FA5DD /* 7.jpg in Resources */,
				0AA45E701A8BFEAC001FA5DD /* 9.jpg in Resources */,
				0AA45E451A8BFDE6001FA5DD /* Images.xcassets in Resources */,
			);
			runOnlyForDeploymentPostprocessing = 0;
		};
		0AA45E4B1A8BFDE6001FA5DD /* Resources */ = {
			isa = PBXResourcesBuildPhase;
			buildActionMask = 2147483647;
			files = (
			);
			runOnlyForDeploymentPostprocessing = 0;
		};
/* End PBXResourcesBuildPhase section */

/* Begin PBXSourcesBuildPhase section */
		0AA45E301A8BFDE6001FA5DD /* Sources */ = {
			isa = PBXSourcesBuildPhase;
			buildActionMask = 2147483647;
			files = (
				0A4197B41A8D315B00218FF5 /* Comment.m in Sources */,
				0A4197B11A8D307A00218FF5 /* Media.m in Sources */,
				0AE1AFDD1A901A7200F3AFE8 /* MediaTableViewCell.m in Sources */,
				0A4197B71A8D321D00218FF5 /* DataSource.m in Sources */,
				0A77DF551A96A99000767F6B /* LoginViewController.m in Sources */,
				0A4197AE1A8D2FC900218FF5 /* User.m in Sources */,
				0AA45E401A8BFDE6001FA5DD /* ViewController.m in Sources */,
				0AA45E3D1A8BFDE6001FA5DD /* AppDelegate.m in Sources */,
				0AA45E3A1A8BFDE6001FA5DD /* main.m in Sources */,
				0AA45E741A8BFF27001FA5DD /* ImagesTableViewController.m in Sources */,
			);
			runOnlyForDeploymentPostprocessing = 0;
		};
		0AA45E491A8BFDE6001FA5DD /* Sources */ = {
			isa = PBXSourcesBuildPhase;
			buildActionMask = 2147483647;
			files = (
				0AA45E541A8BFDE6001FA5DD /* BlocstagramTests.m in Sources */,
			);
			runOnlyForDeploymentPostprocessing = 0;
		};
/* End PBXSourcesBuildPhase section */

/* Begin PBXTargetDependency section */
		0AA45E4F1A8BFDE6001FA5DD /* PBXTargetDependency */ = {
			isa = PBXTargetDependency;
			target = 0AA45E331A8BFDE6001FA5DD /* Blocstagram */;
			targetProxy = 0AA45E4E1A8BFDE6001FA5DD /* PBXContainerItemProxy */;
		};
/* End PBXTargetDependency section */

/* Begin XCBuildConfiguration section */
		0AA45E551A8BFDE6001FA5DD /* Debug */ = {
			isa = XCBuildConfiguration;
			buildSettings = {
				ALWAYS_SEARCH_USER_PATHS = NO;
				CLANG_CXX_LANGUAGE_STANDARD = "gnu++0x";
				CLANG_CXX_LIBRARY = "libc++";
				CLANG_ENABLE_MODULES = YES;
				CLANG_ENABLE_OBJC_ARC = YES;
				CLANG_WARN_BOOL_CONVERSION = YES;
				CLANG_WARN_CONSTANT_CONVERSION = YES;
				CLANG_WARN_DIRECT_OBJC_ISA_USAGE = YES_ERROR;
				CLANG_WARN_EMPTY_BODY = YES;
				CLANG_WARN_ENUM_CONVERSION = YES;
				CLANG_WARN_INT_CONVERSION = YES;
				CLANG_WARN_OBJC_ROOT_CLASS = YES_ERROR;
				CLANG_WARN_UNREACHABLE_CODE = YES;
				CLANG_WARN__DUPLICATE_METHOD_MATCH = YES;
				"CODE_SIGN_IDENTITY[sdk=iphoneos*]" = "iPhone Developer";
				COPY_PHASE_STRIP = NO;
				ENABLE_STRICT_OBJC_MSGSEND = YES;
				GCC_C_LANGUAGE_STANDARD = gnu99;
				GCC_DYNAMIC_NO_PIC = NO;
				GCC_OPTIMIZATION_LEVEL = 0;
				GCC_PREPROCESSOR_DEFINITIONS = (
					"DEBUG=1",
					"$(inherited)",
				);
				GCC_SYMBOLS_PRIVATE_EXTERN = NO;
				GCC_WARN_64_TO_32_BIT_CONVERSION = YES;
				GCC_WARN_ABOUT_RETURN_TYPE = YES_ERROR;
				GCC_WARN_UNDECLARED_SELECTOR = YES;
				GCC_WARN_UNINITIALIZED_AUTOS = YES_AGGRESSIVE;
				GCC_WARN_UNUSED_FUNCTION = YES;
				GCC_WARN_UNUSED_VARIABLE = YES;
				IPHONEOS_DEPLOYMENT_TARGET = 8.1;
				MTL_ENABLE_DEBUG_INFO = YES;
				ONLY_ACTIVE_ARCH = YES;
				SDKROOT = iphoneos;
				TARGETED_DEVICE_FAMILY = "1,2";
			};
			name = Debug;
		};
		0AA45E561A8BFDE6001FA5DD /* Release */ = {
			isa = XCBuildConfiguration;
			buildSettings = {
				ALWAYS_SEARCH_USER_PATHS = NO;
				CLANG_CXX_LANGUAGE_STANDARD = "gnu++0x";
				CLANG_CXX_LIBRARY = "libc++";
				CLANG_ENABLE_MODULES = YES;
				CLANG_ENABLE_OBJC_ARC = YES;
				CLANG_WARN_BOOL_CONVERSION = YES;
				CLANG_WARN_CONSTANT_CONVERSION = YES;
				CLANG_WARN_DIRECT_OBJC_ISA_USAGE = YES_ERROR;
				CLANG_WARN_EMPTY_BODY = YES;
				CLANG_WARN_ENUM_CONVERSION = YES;
				CLANG_WARN_INT_CONVERSION = YES;
				CLANG_WARN_OBJC_ROOT_CLASS = YES_ERROR;
				CLANG_WARN_UNREACHABLE_CODE = YES;
				CLANG_WARN__DUPLICATE_METHOD_MATCH = YES;
				"CODE_SIGN_IDENTITY[sdk=iphoneos*]" = "iPhone Developer";
				COPY_PHASE_STRIP = YES;
				ENABLE_NS_ASSERTIONS = NO;
				ENABLE_STRICT_OBJC_MSGSEND = YES;
				GCC_C_LANGUAGE_STANDARD = gnu99;
				GCC_WARN_64_TO_32_BIT_CONVERSION = YES;
				GCC_WARN_ABOUT_RETURN_TYPE = YES_ERROR;
				GCC_WARN_UNDECLARED_SELECTOR = YES;
				GCC_WARN_UNINITIALIZED_AUTOS = YES_AGGRESSIVE;
				GCC_WARN_UNUSED_FUNCTION = YES;
				GCC_WARN_UNUSED_VARIABLE = YES;
				IPHONEOS_DEPLOYMENT_TARGET = 8.1;
				MTL_ENABLE_DEBUG_INFO = NO;
				SDKROOT = iphoneos;
				TARGETED_DEVICE_FAMILY = "1,2";
				VALIDATE_PRODUCT = YES;
			};
			name = Release;
		};
		0AA45E581A8BFDE6001FA5DD /* Debug */ = {
			isa = XCBuildConfiguration;
			buildSettings = {
				ASSETCATALOG_COMPILER_APPICON_NAME = AppIcon;
				INFOPLIST_FILE = Blocstagram/Info.plist;
				LD_RUNPATH_SEARCH_PATHS = "$(inherited) @executable_path/Frameworks";
				PRODUCT_NAME = "$(TARGET_NAME)";
			};
			name = Debug;
		};
		0AA45E591A8BFDE6001FA5DD /* Release */ = {
			isa = XCBuildConfiguration;
			buildSettings = {
				ASSETCATALOG_COMPILER_APPICON_NAME = AppIcon;
				INFOPLIST_FILE = Blocstagram/Info.plist;
				LD_RUNPATH_SEARCH_PATHS = "$(inherited) @executable_path/Frameworks";
				PRODUCT_NAME = "$(TARGET_NAME)";
			};
			name = Release;
		};
		0AA45E5B1A8BFDE6001FA5DD /* Debug */ = {
			isa = XCBuildConfiguration;
			buildSettings = {
				BUNDLE_LOADER = "$(TEST_HOST)";
				FRAMEWORK_SEARCH_PATHS = (
					"$(SDKROOT)/Developer/Library/Frameworks",
					"$(inherited)",
				);
				GCC_PREPROCESSOR_DEFINITIONS = (
					"DEBUG=1",
					"$(inherited)",
				);
				INFOPLIST_FILE = BlocstagramTests/Info.plist;
				LD_RUNPATH_SEARCH_PATHS = "$(inherited) @executable_path/Frameworks @loader_path/Frameworks";
				PRODUCT_NAME = "$(TARGET_NAME)";
				TEST_HOST = "$(BUILT_PRODUCTS_DIR)/Blocstagram.app/Blocstagram";
			};
			name = Debug;
		};
		0AA45E5C1A8BFDE6001FA5DD /* Release */ = {
			isa = XCBuildConfiguration;
			buildSettings = {
				BUNDLE_LOADER = "$(TEST_HOST)";
				FRAMEWORK_SEARCH_PATHS = (
					"$(SDKROOT)/Developer/Library/Frameworks",
					"$(inherited)",
				);
				INFOPLIST_FILE = BlocstagramTests/Info.plist;
				LD_RUNPATH_SEARCH_PATHS = "$(inherited) @executable_path/Frameworks @loader_path/Frameworks";
				PRODUCT_NAME = "$(TARGET_NAME)";
				TEST_HOST = "$(BUILT_PRODUCTS_DIR)/Blocstagram.app/Blocstagram";
			};
			name = Release;
		};
/* End XCBuildConfiguration section */

/* Begin XCConfigurationList section */
		0AA45E2F1A8BFDE6001FA5DD /* Build configuration list for PBXProject "Blocstagram" */ = {
			isa = XCConfigurationList;
			buildConfigurations = (
				0AA45E551A8BFDE6001FA5DD /* Debug */,
				0AA45E561A8BFDE6001FA5DD /* Release */,
			);
			defaultConfigurationIsVisible = 0;
			defaultConfigurationName = Release;
		};
		0AA45E571A8BFDE6001FA5DD /* Build configuration list for PBXNativeTarget "Blocstagram" */ = {
			isa = XCConfigurationList;
			buildConfigurations = (
				0AA45E581A8BFDE6001FA5DD /* Debug */,
				0AA45E591A8BFDE6001FA5DD /* Release */,
			);
			defaultConfigurationIsVisible = 0;
			defaultConfigurationName = Release;
		};
		0AA45E5A1A8BFDE6001FA5DD /* Build configuration list for PBXNativeTarget "BlocstagramTests" */ = {
			isa = XCConfigurationList;
			buildConfigurations = (
				0AA45E5B1A8BFDE6001FA5DD /* Debug */,
				0AA45E5C1A8BFDE6001FA5DD /* Release */,
			);
			defaultConfigurationIsVisible = 0;
			defaultConfigurationName = Release;
		};
/* End XCConfigurationList section */
	};
	rootObject = 0AA45E2C1A8BFDE6001FA5DD /* Project object */;
}
